
Microsoft Visual Studio Solution File, Format Version 12.00
# Visual Studio Version 17
VisualStudioVersion = 17.14.36401.2 d17.14
MinimumVisualStudioVersion = 10.0.40219.1
Project("{FAE04EC0-301F-11D3-BF4B-00C04F79EFBC}") = "week 4 homework", "week 4 homework.csproj", "{57776D07-7EFB-4436-A0F1-07F7DFD83C2F}"
EndProject
Global
	GlobalSection(SolutionConfigurationPlatforms) = preSolution
		Debug|Any CPU = Debug|Any CPU
		Release|Any CPU = Release|Any CPU
	EndGlobalSection
	GlobalSection(ProjectConfigurationPlatforms) = postSolution
		{57776D07-7EFB-4436-A0F1-07F7DFD83C2F}.Debug|Any CPU.ActiveCfg = Debug|Any CPU
		{57776D07-7EFB-4436-A0F1-07F7DFD83C2F}.Debug|Any CPU.Build.0 = Debug|Any CPU
		{57776D07-7EFB-4436-A0F1-07F7DFD83C2F}.Release|Any CPU.ActiveCfg = Release|Any CPU
		{57776D07-7EFB-4436-A0F1-07F7DFD83C2F}.Release|Any CPU.Build.0 = Release|Any CPU
	EndGlobalSection
	GlobalSection(SolutionProperties) = preSolution
		HideSolutionNode = FALSE
	EndGlobalSection
	GlobalSection(ExtensibilityGlobals) = postSolution
		SolutionGuid = {A069434A-58C3-4F74-BC0B-7571EB2DD0D5}
	EndGlobalSection
EndGlobal
