
Microsoft Visual Studio Solution File, Format Version 12.00
# Visual Studio Version 17
VisualStudioVersion = 17.0.31903.59
MinimumVisualStudioVersion = 10.0.40219.1
Project("{FAE04EC0-301F-11D3-BF4B-00C04F79EFBC}") = "LabApp", "LabApp\LabApp.csproj", "{254347D5-4D28-48B9-85C3-00ED228B2660}"
EndProject
Project("{FAE04EC0-301F-11D3-BF4B-00C04F79EFBC}") = "LabApp.Tests", "LabApp.Tests\LabApp.Tests.csproj", "{37F4F282-1B0C-4C57-AD88-C2FF0EB4BFD9}"
EndProject
Global
	GlobalSection(SolutionConfigurationPlatforms) = preSolution
		Debug|Any CPU = Debug|Any CPU
		Debug|x64 = Debug|x64
		Debug|x86 = Debug|x86
		Release|Any CPU = Release|Any CPU
		Release|x64 = Release|x64
		Release|x86 = Release|x86
	EndGlobalSection
	GlobalSection(ProjectConfigurationPlatforms) = postSolution
		{254347D5-4D28-48B9-85C3-00ED228B2660}.Debug|Any CPU.ActiveCfg = Debug|Any CPU
		{254347D5-4D28-48B9-85C3-00ED228B2660}.Debug|Any CPU.Build.0 = Debug|Any CPU
		{254347D5-4D28-48B9-85C3-00ED228B2660}.Debug|x64.ActiveCfg = Debug|Any CPU
		{254347D5-4D28-48B9-85C3-00ED228B2660}.Debug|x64.Build.0 = Debug|Any CPU
		{254347D5-4D28-48B9-85C3-00ED228B2660}.Debug|x86.ActiveCfg = Debug|Any CPU
		{254347D5-4D28-48B9-85C3-00ED228B2660}.Debug|x86.Build.0 = Debug|Any CPU
		{254347D5-4D28-48B9-85C3-00ED228B2660}.Release|Any CPU.ActiveCfg = Release|Any CPU
		{254347D5-4D28-48B9-85C3-00ED228B2660}.Release|Any CPU.Build.0 = Release|Any CPU
		{254347D5-4D28-48B9-85C3-00ED228B2660}.Release|x64.ActiveCfg = Release|Any CPU
		{254347D5-4D28-48B9-85C3-00ED228B2660}.Release|x64.Build.0 = Release|Any CPU
		{254347D5-4D28-48B9-85C3-00ED228B2660}.Release|x86.ActiveCfg = Release|Any CPU
		{254347D5-4D28-48B9-85C3-00ED228B2660}.Release|x86.Build.0 = Release|Any CPU
		{37F4F282-1B0C-4C57-AD88-C2FF0EB4BFD9}.Debug|Any CPU.ActiveCfg = Debug|Any CPU
		{37F4F282-1B0C-4C57-AD88-C2FF0EB4BFD9}.Debug|Any CPU.Build.0 = Debug|Any CPU
		{37F4F282-1B0C-4C57-AD88-C2FF0EB4BFD9}.Debug|x64.ActiveCfg = Debug|Any CPU
		{37F4F282-1B0C-4C57-AD88-C2FF0EB4BFD9}.Debug|x64.Build.0 = Debug|Any CPU
		{37F4F282-1B0C-4C57-AD88-C2FF0EB4BFD9}.Debug|x86.ActiveCfg = Debug|Any CPU
		{37F4F282-1B0C-4C57-AD88-C2FF0EB4BFD9}.Debug|x86.Build.0 = Debug|Any CPU
		{37F4F282-1B0C-4C57-AD88-C2FF0EB4BFD9}.Release|Any CPU.ActiveCfg = Release|Any CPU
		{37F4F282-1B0C-4C57-AD88-C2FF0EB4BFD9}.Release|Any CPU.Build.0 = Release|Any CPU
		{37F4F282-1B0C-4C57-AD88-C2FF0EB4BFD9}.Release|x64.ActiveCfg = Release|Any CPU
		{37F4F282-1B0C-4C57-AD88-C2FF0EB4BFD9}.Release|x64.Build.0 = Release|Any CPU
		{37F4F282-1B0C-4C57-AD88-C2FF0EB4BFD9}.Release|x86.ActiveCfg = Release|Any CPU
		{37F4F282-1B0C-4C57-AD88-C2FF0EB4BFD9}.Release|x86.Build.0 = Release|Any CPU
	EndGlobalSection
	GlobalSection(SolutionProperties) = preSolution
		HideSolutionNode = FALSE
	EndGlobalSection
EndGlobal
