
Microsoft Visual Studio Solution File, Format Version 12.00
# Visual Studio Version 17
VisualStudioVersion = 17.0.31903.59
MinimumVisualStudioVersion = 10.0.40219.1
Project("{FAE04EC0-301F-11D3-BF4B-00C04F79EFBC}") = "UnitTestConsoleApp", "UnitTestConsoleApp\UnitTestConsoleApp.csproj", "{829ACD4F-C8E3-4857-A757-7B533912F625}"
EndProject
Project("{FAE04EC0-301F-11D3-BF4B-00C04F79EFBC}") = "UnitTestConsoleApp.Tests", "UnitTestConsoleApp.Tests\UnitTestConsoleApp.Tests.csproj", "{0C495BB6-ECBF-4D41-8370-DACF41C2465F}"
EndProject
Global
	GlobalSection(SolutionConfigurationPlatforms) = preSolution
		Debug|Any CPU = Debug|Any CPU
		Release|Any CPU = Release|Any CPU
	EndGlobalSection
	GlobalSection(SolutionProperties) = preSolution
		HideSolutionNode = FALSE
	EndGlobalSection
	GlobalSection(ProjectConfigurationPlatforms) = postSolution
		{829ACD4F-C8E3-4857-A757-7B533912F625}.Debug|Any CPU.ActiveCfg = Debug|Any CPU
		{829ACD4F-C8E3-4857-A757-7B533912F625}.Debug|Any CPU.Build.0 = Debug|Any CPU
		{829ACD4F-C8E3-4857-A757-7B533912F625}.Release|Any CPU.ActiveCfg = Release|Any CPU
		{829ACD4F-C8E3-4857-A757-7B533912F625}.Release|Any CPU.Build.0 = Release|Any CPU
		{0C495BB6-ECBF-4D41-8370-DACF41C2465F}.Debug|Any CPU.ActiveCfg = Debug|Any CPU
		{0C495BB6-ECBF-4D41-8370-DACF41C2465F}.Debug|Any CPU.Build.0 = Debug|Any CPU
		{0C495BB6-ECBF-4D41-8370-DACF41C2465F}.Release|Any CPU.ActiveCfg = Release|Any CPU
		{0C495BB6-ECBF-4D41-8370-DACF41C2465F}.Release|Any CPU.Build.0 = Release|Any CPU
	EndGlobalSection
EndGlobal
